
Microsoft Visual Studio Solution File, Format Version 12.00
# Visual Studio Version 17
VisualStudioVersion = 17.12.35521.163 d17.12
MinimumVisualStudioVersion = 10.0.40219.1
Project("{FAE04EC0-301F-11D3-BF4B-00C04F79EFBC}") = "AOC2024", "AOC2024\AOC2024.csproj", "{AC278DDF-2055-4D58-8CE2-D6F825F9CA7E}"
EndProject
Project("{FAE04EC0-301F-11D3-BF4B-00C04F79EFBC}") = "AOC2024.Core", "AOC2024.Core\AOC2024.Core.csproj", "{D28890DA-DC29-474A-9855-139EAA684BC7}"
EndProject
Global
	GlobalSection(SolutionConfigurationPlatforms) = preSolution
		Debug|Any CPU = Debug|Any CPU
		Release|Any CPU = Release|Any CPU
	EndGlobalSection
	GlobalSection(ProjectConfigurationPlatforms) = postSolution
		{AC278DDF-2055-4D58-8CE2-D6F825F9CA7E}.Debug|Any CPU.ActiveCfg = Debug|Any CPU
		{AC278DDF-2055-4D58-8CE2-D6F825F9CA7E}.Debug|Any CPU.Build.0 = Debug|Any CPU
		{AC278DDF-2055-4D58-8CE2-D6F825F9CA7E}.Release|Any CPU.ActiveCfg = Release|Any CPU
		{AC278DDF-2055-4D58-8CE2-D6F825F9CA7E}.Release|Any CPU.Build.0 = Release|Any CPU
		{D28890DA-DC29-474A-9855-139EAA684BC7}.Debug|Any CPU.ActiveCfg = Debug|Any CPU
		{D28890DA-DC29-474A-9855-139EAA684BC7}.Debug|Any CPU.Build.0 = Debug|Any CPU
		{D28890DA-DC29-474A-9855-139EAA684BC7}.Release|Any CPU.ActiveCfg = Release|Any CPU
		{D28890DA-DC29-474A-9855-139EAA684BC7}.Release|Any CPU.Build.0 = Release|Any CPU
	EndGlobalSection
	GlobalSection(SolutionProperties) = preSolution
		HideSolutionNode = FALSE
	EndGlobalSection
EndGlobal
